Microsoft Visual Studio Solution File, Format Version 8.00
Project("{F184B08F-C81C-45F6-A57F-5ABD9991F28F}") = "carwin", "carwin.vbproj", "{9539F498-C235-4849-B01D-49D85B7009EC}"
	ProjectSection(ProjectDependencies) = postProject
	EndProjectSection
EndProject
Global
	GlobalSection(SolutionConfiguration) = preSolution
		Debug = Debug
		Release = Release
	EndGlobalSection
	GlobalSection(ProjectConfiguration) = postSolution
		{9539F498-C235-4849-B01D-49D85B7009EC}.Debug.ActiveCfg = Debug|.NET
		{9539F498-C235-4849-B01D-49D85B7009EC}.Debug.Build.0 = Debug|.NET
		{9539F498-C235-4849-B01D-49D85B7009EC}.Release.ActiveCfg = Release|.NET
		{9539F498-C235-4849-B01D-49D85B7009EC}.Release.Build.0 = Release|.NET
	EndGlobalSection
	GlobalSection(ExtensibilityGlobals) = postSolution
	EndGlobalSection
	GlobalSection(ExtensibilityAddIns) = postSolution
	EndGlobalSection
EndGlobal
